
Microsoft Visual Studio Solution File, Format Version 12.00
# Visual Studio Version 16
VisualStudioVersion = 16.0.30225.117
MinimumVisualStudioVersion = 10.0.40219.1
Project("{9A19103F-16F7-4668-BE54-9A1E7A4F7556}") = "Restaurant.Server", "Restaurant.Server\Restaurant.Server.csproj", "{2194B835-1742-416E-A44A-83AD020EE254}"
EndProject
Project("{9A19103F-16F7-4668-BE54-9A1E7A4F7556}") = "Restaurant.Data", "Restaurant.Data\Restaurant.Data.csproj", "{B243F296-7945-437F-9B7F-022FAEE749BF}"
EndProject
Project("{E53339B2-1760-4266-BCC7-CA923CBCF16C}") = "docker-compose", "docker-compose.dcproj", "{C850010D-05B8-4E9D-8003-6FC1832413FA}"
EndProject
Project("{9A19103F-16F7-4668-BE54-9A1E7A4F7556}") = "Restaurant.Test", "Restaurant.Test\Restaurant.Test.csproj", "{E0C73AA3-64E6-4B93-8EFB-9DBD409F5C2C}"
EndProject
Global
	GlobalSection(SolutionConfigurationPlatforms) = preSolution
		Debug|Any CPU = Debug|Any CPU
		Release|Any CPU = Release|Any CPU
	EndGlobalSection
	GlobalSection(ProjectConfigurationPlatforms) = postSolution
		{2194B835-1742-416E-A44A-83AD020EE254}.Debug|Any CPU.ActiveCfg = Debug|Any CPU
		{2194B835-1742-416E-A44A-83AD020EE254}.Debug|Any CPU.Build.0 = Debug|Any CPU
		{2194B835-1742-416E-A44A-83AD020EE254}.Release|Any CPU.ActiveCfg = Release|Any CPU
		{2194B835-1742-416E-A44A-83AD020EE254}.Release|Any CPU.Build.0 = Release|Any CPU
		{B243F296-7945-437F-9B7F-022FAEE749BF}.Debug|Any CPU.ActiveCfg = Debug|Any CPU
		{B243F296-7945-437F-9B7F-022FAEE749BF}.Debug|Any CPU.Build.0 = Debug|Any CPU
		{B243F296-7945-437F-9B7F-022FAEE749BF}.Release|Any CPU.ActiveCfg = Release|Any CPU
		{B243F296-7945-437F-9B7F-022FAEE749BF}.Release|Any CPU.Build.0 = Release|Any CPU
		{C850010D-05B8-4E9D-8003-6FC1832413FA}.Debug|Any CPU.ActiveCfg = Debug|Any CPU
		{C850010D-05B8-4E9D-8003-6FC1832413FA}.Debug|Any CPU.Build.0 = Debug|Any CPU
		{C850010D-05B8-4E9D-8003-6FC1832413FA}.Release|Any CPU.ActiveCfg = Release|Any CPU
		{C850010D-05B8-4E9D-8003-6FC1832413FA}.Release|Any CPU.Build.0 = Release|Any CPU
		{E0C73AA3-64E6-4B93-8EFB-9DBD409F5C2C}.Debug|Any CPU.ActiveCfg = Debug|Any CPU
		{E0C73AA3-64E6-4B93-8EFB-9DBD409F5C2C}.Debug|Any CPU.Build.0 = Debug|Any CPU
		{E0C73AA3-64E6-4B93-8EFB-9DBD409F5C2C}.Release|Any CPU.ActiveCfg = Release|Any CPU
		{E0C73AA3-64E6-4B93-8EFB-9DBD409F5C2C}.Release|Any CPU.Build.0 = Release|Any CPU
	EndGlobalSection
	GlobalSection(SolutionProperties) = preSolution
		HideSolutionNode = FALSE
	EndGlobalSection
	GlobalSection(ExtensibilityGlobals) = postSolution
		SolutionGuid = {531A8D18-5E15-498A-A8B1-E916330BE882}
	EndGlobalSection
EndGlobal
